
Microsoft Visual Studio Solution File, Format Version 12.00
# Visual Studio Version 17
VisualStudioVersion = 17.9.34607.119
MinimumVisualStudioVersion = 10.0.40219.1
Project("{FAE04EC0-301F-11D3-BF4B-00C04F79EFBC}") = "LearnTDD", "LearnTDD.csproj", "{BA90E546-2C4D-4010-A8E0-CCDBB8C759F2}"
EndProject
Global
	GlobalSection(SolutionConfigurationPlatforms) = preSolution
		Debug|Any CPU = Debug|Any CPU
		Release|Any CPU = Release|Any CPU
	EndGlobalSection
	GlobalSection(ProjectConfigurationPlatforms) = postSolution
		{BA90E546-2C4D-4010-A8E0-CCDBB8C759F2}.Debug|Any CPU.ActiveCfg = Debug|Any CPU
		{BA90E546-2C4D-4010-A8E0-CCDBB8C759F2}.Debug|Any CPU.Build.0 = Debug|Any CPU
		{BA90E546-2C4D-4010-A8E0-CCDBB8C759F2}.Release|Any CPU.ActiveCfg = Release|Any CPU
		{BA90E546-2C4D-4010-A8E0-CCDBB8C759F2}.Release|Any CPU.Build.0 = Release|Any CPU
	EndGlobalSection
	GlobalSection(SolutionProperties) = preSolution
		HideSolutionNode = FALSE
	EndGlobalSection
	GlobalSection(ExtensibilityGlobals) = postSolution
		SolutionGuid = {00D0376C-9080-4E01-9EBE-E80BE8572D3A}
	EndGlobalSection
EndGlobal
